// !$*UTF8*$!
{
	archiveVersion = 1;
	classes = {
	};
	objectVersion = 51;
	objects = {

/* Begin PBXBuildFile section */
		A8574DB2251D02CF001ED082 /* GoogleService-Info.plist in Resources */ = {isa = PBXBuildFile; fileRef = A8574DB1251D02CF001ED082 /* GoogleService-Info.plist */; };
		A8574E1B25210D8B001ED082 /* LoginViewController.swift in Sources */ = {isa = PBXBuildFile; fileRef = A8574E1825210D8B001ED082 /* LoginViewController.swift */; };
		A8574E1C25210D8B001ED082 /* ResetPasswordViewController.swift in Sources */ = {isa = PBXBuildFile; fileRef = A8574E1925210D8B001ED082 /* ResetPasswordViewController.swift */; };
		A8574E1D25210D8B001ED082 /* SignUpViewController.swift in Sources */ = {isa = PBXBuildFile; fileRef = A8574E1A25210D8B001ED082 /* SignUpViewController.swift */; };
		A8613BDA256878D00087C9DC /* PN.png in Resources */ = {isa = PBXBuildFile; fileRef = A8613BD9256878D00087C9DC /* PN.png */; };
		A88CD2DC2565DC6300F54486 /* Note.swift in Sources */ = {isa = PBXBuildFile; fileRef = A88CD2DB2565DC6300F54486 /* Note.swift */; };
		A8DEDFC2251BC2AC00AB5572 /* AppDelegate.swift in Sources */ = {isa = PBXBuildFile; fileRef = A8DEDFC1251BC2AC00AB5572 /* AppDelegate.swift */; };
		A8DEDFC4251BC2AC00AB5572 /* SceneDelegate.swift in Sources */ = {isa = PBXBuildFile; fileRef = A8DEDFC3251BC2AC00AB5572 /* SceneDelegate.swift */; };
		A8DEDFC6251BC2AC00AB5572 /* ViewController.swift in Sources */ = {isa = PBXBuildFile; fileRef = A8DEDFC5251BC2AC00AB5572 /* ViewController.swift */; };
		A8DEDFC9251BC2AC00AB5572 /* Main.storyboard in Resources */ = {isa = PBXBuildFile; fileRef = A8DEDFC7251BC2AC00AB5572 /* Main.storyboard */; };
		A8DEDFCB251BC2AD00AB5572 /* Assets.xcassets in Resources */ = {isa = PBXBuildFile; fileRef = A8DEDFCA251BC2AD00AB5572 /* Assets.xcassets */; };
		A8DEDFCE251BC2AD00AB5572 /* LaunchScreen.storyboard in Resources */ = {isa = PBXBuildFile; fileRef = A8DEDFCC251BC2AD00AB5572 /* LaunchScreen.storyboard */; };
		A8DEDFD6251BC53100AB5572 /* NoteViewController.swift in Sources */ = {isa = PBXBuildFile; fileRef = A8DEDFD5251BC53100AB5572 /* NoteViewController.swift */; };
		A8DEDFD8251BC55300AB5572 /* EntryViewController.swift in Sources */ = {isa = PBXBuildFile; fileRef = A8DEDFD7251BC55300AB5572 /* EntryViewController.swift */; };
		F310F53C618D8B6A5AE65F09 /* Pods_Private_Notes.framework in Frameworks */ = {isa = PBXBuildFile; fileRef = 471765AF80B2BC828D4F4001 /* Pods_Private_Notes.framework */; };
/* End PBXBuildFile section */

/* Begin PBXFileReference section */
		471765AF80B2BC828D4F4001 /* Pods_Private_Notes.framework */ = {isa = PBXFileReference; explicitFileType = wrapper.framework; includeInIndex = 0; path = Pods_Private_Notes.framework; sourceTree = BUILT_PRODUCTS_DIR; };
		A8574DB1251D02CF001ED082 /* GoogleService-Info.plist */ = {isa = PBXFileReference; fileEncoding = 4; lastKnownFileType = text.plist.xml; name = "GoogleService-Info.plist"; path = "../../GoogleService-Info.plist"; sourceTree = "<group>"; };
		A8574E1825210D8B001ED082 /* LoginViewController.swift */ = {isa = PBXFileReference; fileEncoding = 4; lastKnownFileType = sourcecode.swift; name = LoginViewController.swift; path = "/Users/kv/Desktop/Private Notes/Private Notes/LoginViewController.swift"; sourceTree = "<absolute>"; };
		A8574E1925210D8B001ED082 /* ResetPasswordViewController.swift */ = {isa = PBXFileReference; fileEncoding = 4; lastKnownFileType = sourcecode.swift; path = ResetPasswordViewController.swift; sourceTree = "<group>"; };
		A8574E1A25210D8B001ED082 /* SignUpViewController.swift */ = {isa = PBXFileReference; fileEncoding = 4; lastKnownFileType = sourcecode.swift; path = SignUpViewController.swift; sourceTree = "<group>"; };
		A8613BD9256878D00087C9DC /* PN.png */ = {isa = PBXFileReference; lastKnownFileType = image.png; name = PN.png; path = ../../PN.png; sourceTree = "<group>"; };
		A88CD2DB2565DC6300F54486 /* Note.swift */ = {isa = PBXFileReference; lastKnownFileType = sourcecode.swift; path = Note.swift; sourceTree = "<group>"; };
		A8DEDFBE251BC2AC00AB5572 /* Private Notes.app */ = {isa = PBXFileReference; explicitFileType = wrapper.application; includeInIndex = 0; path = "Private Notes.app"; sourceTree = BUILT_PRODUCTS_DIR; };
		A8DEDFC1251BC2AC00AB5572 /* AppDelegate.swift */ = {isa = PBXFileReference; lastKnownFileType = sourcecode.swift; path = AppDelegate.swift; sourceTree = "<group>"; };
		A8DEDFC3251BC2AC00AB5572 /* SceneDelegate.swift */ = {isa = PBXFileReference; lastKnownFileType = sourcecode.swift; path = SceneDelegate.swift; sourceTree = "<group>"; };
		A8DEDFC5251BC2AC00AB5572 /* ViewController.swift */ = {isa = PBXFileReference; lastKnownFileType = sourcecode.swift; path = ViewController.swift; sourceTree = "<group>"; };
		A8DEDFC8251BC2AC00AB5572 /* Base */ = {isa = PBXFileReference; lastKnownFileType = file.storyboard; name = Base; path = Base.lproj/Main.storyboard; sourceTree = "<group>"; };
		A8DEDFCA251BC2AD00AB5572 /* Assets.xcassets */ = {isa = PBXFileReference; lastKnownFileType = folder.assetcatalog; path = Assets.xcassets; sourceTree = "<group>"; };
		A8DEDFCD251BC2AD00AB5572 /* Base */ = {isa = PBXFileReference; lastKnownFileType = file.storyboard; name = Base; path = Base.lproj/LaunchScreen.storyboard; sourceTree = "<group>"; };
		A8DEDFCF251BC2AD00AB5572 /* Info.plist */ = {isa = PBXFileReference; lastKnownFileType = text.plist.xml; path = Info.plist; sourceTree = "<group>"; };
		A8DEDFD5251BC53100AB5572 /* NoteViewController.swift */ = {isa = PBXFileReference; lastKnownFileType = sourcecode.swift; path = NoteViewController.swift; sourceTree = "<group>"; };
		A8DEDFD7251BC55300AB5572 /* EntryViewController.swift */ = {isa = PBXFileReference; lastKnownFileType = sourcecode.swift; path = EntryViewController.swift; sourceTree = "<group>"; };
		CBB8470E05EBFC272C8C6B50 /* Pods-Private Notes.release.xcconfig */ = {isa = PBXFileReference; includeInIndex = 1; lastKnownFileType = text.xcconfig; name = "Pods-Private Notes.release.xcconfig"; path = "Target Support Files/Pods-Private Notes/Pods-Private Notes.release.xcconfig"; sourceTree = "<group>"; };
		FE77487D0A826A90A81E4E3C /* Pods-Private Notes.debug.xcconfig */ = {isa = PBXFileReference; includeInIndex = 1; lastKnownFileType = text.xcconfig; name = "Pods-Private Notes.debug.xcconfig"; path = "Target Support Files/Pods-Private Notes/Pods-Private Notes.debug.xcconfig"; sourceTree = "<group>"; };
/* End PBXFileReference section */

/* Begin PBXFrameworksBuildPhase section */
		A8DEDFBB251BC2AC00AB5572 /* Frameworks */ = {
			isa = PBXFrameworksBuildPhase;
			buildActionMask = 2147483647;
			files = (
				F310F53C618D8B6A5AE65F09 /* Pods_Private_Notes.framework in Frameworks */,
			);
			runOnlyForDeploymentPostprocessing = 0;
		};
/* End PBXFrameworksBuildPhase section */

/* Begin PBXGroup section */
		3481D70B6785DE7529B359A3 /* Pods */ = {
			isa = PBXGroup;
			children = (
				FE77487D0A826A90A81E4E3C /* Pods-Private Notes.debug.xcconfig */,
				CBB8470E05EBFC272C8C6B50 /* Pods-Private Notes.release.xcconfig */,
			);
			path = Pods;
			sourceTree = "<group>";
		};
		38943A4BB72E28254C550955 /* Frameworks */ = {
			isa = PBXGroup;
			children = (
				471765AF80B2BC828D4F4001 /* Pods_Private_Notes.framework */,
			);
			name = Frameworks;
			sourceTree = "<group>";
		};
		A8574DE3251D5F2E001ED082 /* Storyboards */ = {
			isa = PBXGroup;
			children = (
				A8DEDFCC251BC2AD00AB5572 /* LaunchScreen.storyboard */,
				A8DEDFC7251BC2AC00AB5572 /* Main.storyboard */,
			);
			path = Storyboards;
			sourceTree = "<group>";
		};
		A8DEDFB5251BC2AC00AB5572 = {
			isa = PBXGroup;
			children = (
				A8DEDFC0251BC2AC00AB5572 /* Private Notes */,
				A8DEDFBF251BC2AC00AB5572 /* Products */,
				3481D70B6785DE7529B359A3 /* Pods */,
				38943A4BB72E28254C550955 /* Frameworks */,
			);
			sourceTree = "<group>";
		};
		A8DEDFBF251BC2AC00AB5572 /* Products */ = {
			isa = PBXGroup;
			children = (
				A8DEDFBE251BC2AC00AB5572 /* Private Notes.app */,
			);
			name = Products;
			sourceTree = "<group>";
		};
		A8DEDFC0251BC2AC00AB5572 /* Private Notes */ = {
			isa = PBXGroup;
			children = (
				A8574DE3251D5F2E001ED082 /* Storyboards */,
				A8DEDFC1251BC2AC00AB5572 /* AppDelegate.swift */,
				A8DEDFC3251BC2AC00AB5572 /* SceneDelegate.swift */,
				A8DEDFC5251BC2AC00AB5572 /* ViewController.swift */,
				A8DEDFCA251BC2AD00AB5572 /* Assets.xcassets */,
				A8574DB1251D02CF001ED082 /* GoogleService-Info.plist */,
				A8DEDFCF251BC2AD00AB5572 /* Info.plist */,
				A8613BD9256878D00087C9DC /* PN.png */,
				A8DEDFD5251BC53100AB5572 /* NoteViewController.swift */,
				A8DEDFD7251BC55300AB5572 /* EntryViewController.swift */,
				A8574E1825210D8B001ED082 /* LoginViewController.swift */,
				A8574E1925210D8B001ED082 /* ResetPasswordViewController.swift */,
				A8574E1A25210D8B001ED082 /* SignUpViewController.swift */,
				A88CD2DB2565DC6300F54486 /* Note.swift */,
			);
			path = "Private Notes";
			sourceTree = "<group>";
		};
/* End PBXGroup section */

/* Begin PBXNativeTarget section */
		A8DEDFBD251BC2AC00AB5572 /* Private Notes */ = {
			isa = PBXNativeTarget;
			buildConfigurationList = A8DEDFD2251BC2AD00AB5572 /* Build configuration list for PBXNativeTarget "Private Notes" */;
			buildPhases = (
				658C864FA70316D6933816F6 /* [CP] Check Pods Manifest.lock */,
				A8DEDFBA251BC2AC00AB5572 /* Sources */,
				A8DEDFBB251BC2AC00AB5572 /* Frameworks */,
				A8DEDFBC251BC2AC00AB5572 /* Resources */,
				07C32CED7DC81073301B1C7B /* [CP] Embed Pods Frameworks */,
			);
			buildRules = (
			);
			dependencies = (
			);
			name = "Private Notes";
			productName = "Private Notes";
			productReference = A8DEDFBE251BC2AC00AB5572 /* Private Notes.app */;
			productType = "com.apple.product-type.application";
		};
/* End PBXNativeTarget section */

/* Begin PBXProject section */
		A8DEDFB6251BC2AC00AB5572 /* Project object */ = {
			isa = PBXProject;
			attributes = {
				LastSwiftUpdateCheck = 1170;
				LastUpgradeCheck = 1170;
				ORGANIZATIONNAME = "Kenneth McDonald";
				TargetAttributes = {
					A8DEDFBD251BC2AC00AB5572 = {
						CreatedOnToolsVersion = 11.7;
					};
				};
			};
			buildConfigurationList = A8DEDFB9251BC2AC00AB5572 /* Build configuration list for PBXProject "Private Notes" */;
			compatibilityVersion = "Xcode 9.3";
			developmentRegion = en;
			hasScannedForEncodings = 0;
			knownRegions = (
				en,
				Base,
			);
			mainGroup = A8DEDFB5251BC2AC00AB5572;
			productRefGroup = A8DEDFBF251BC2AC00AB5572 /* Products */;
			projectDirPath = "";
			projectRoot = "";
			targets = (
				A8DEDFBD251BC2AC00AB5572 /* Private Notes */,
			);
		};
/* End PBXProject section */

/* Begin PBXResourcesBuildPhase section */
		A8DEDFBC251BC2AC00AB5572 /* Resources */ = {
			isa = PBXResourcesBuildPhase;
			buildActionMask = 2147483647;
			files = (
				A8613BDA256878D00087C9DC /* PN.png in Resources */,
				A8DEDFCE251BC2AD00AB5572 /* LaunchScreen.storyboard in Resources */,
				A8574DB2251D02CF001ED082 /* GoogleService-Info.plist in Resources */,
				A8DEDFCB251BC2AD00AB5572 /* Assets.xcassets in Resources */,
				A8DEDFC9251BC2AC00AB5572 /* Main.storyboard in Resources */,
			);
			runOnlyForDeploymentPostprocessing = 0;
		};
/* End PBXResourcesBuildPhase section */

/* Begin PBXShellScriptBuildPhase section */
		07C32CED7DC81073301B1C7B /* [CP] Embed Pods Frameworks */ = {
			isa = PBXShellScriptBuildPhase;
			buildActionMask = 2147483647;
			files = (
			);
			inputFileListPaths = (
				"${PODS_ROOT}/Target Support Files/Pods-Private Notes/Pods-Private Notes-frameworks-${CONFIGURATION}-input-files.xcfilelist",
			);
			name = "[CP] Embed Pods Frameworks";
			outputFileListPaths = (
				"${PODS_ROOT}/Target Support Files/Pods-Private Notes/Pods-Private Notes-frameworks-${CONFIGURATION}-output-files.xcfilelist",
			);
			runOnlyForDeploymentPostprocessing = 0;
			shellPath = /bin/sh;
			shellScript = "\"${PODS_ROOT}/Target Support Files/Pods-Private Notes/Pods-Private Notes-frameworks.sh\"\n";
			showEnvVarsInLog = 0;
		};
		658C864FA70316D6933816F6 /* [CP] Check Pods Manifest.lock */ = {
			isa = PBXShellScriptBuildPhase;
			buildActionMask = 2147483647;
			files = (
			);
			inputFileListPaths = (
			);
			inputPaths = (
				"${PODS_PODFILE_DIR_PATH}/Podfile.lock",
				"${PODS_ROOT}/Manifest.lock",
			);
			name = "[CP] Check Pods Manifest.lock";
			outputFileListPaths = (
			);
			outputPaths = (
				"$(DERIVED_FILE_DIR)/Pods-Private Notes-checkManifestLockResult.txt",
			);
			runOnlyForDeploymentPostprocessing = 0;
			shellPath = /bin/sh;
			shellScript = "diff \"${PODS_PODFILE_DIR_PATH}/Podfile.lock\" \"${PODS_ROOT}/Manifest.lock\" > /dev/null\nif [ $? != 0 ] ; then\n    # print error to STDERR\n    echo \"error: The sandbox is not in sync with the Podfile.lock. Run 'pod install' or update your CocoaPods installation.\" >&2\n    exit 1\nfi\n# This output is used by Xcode 'outputs' to avoid re-running this script phase.\necho \"SUCCESS\" > \"${SCRIPT_OUTPUT_FILE_0}\"\n";
			showEnvVarsInLog = 0;
		};
/* End PBXShellScriptBuildPhase section */

/* Begin PBXSourcesBuildPhase section */
		A8DEDFBA251BC2AC00AB5572 /* Sources */ = {
			isa = PBXSourcesBuildPhase;
			buildActionMask = 2147483647;
			files = (
				A8574E1B25210D8B001ED082 /* LoginViewController.swift in Sources */,
				A8DEDFD6251BC53100AB5572 /* NoteViewController.swift in Sources */,
				A8574E1D25210D8B001ED082 /* SignUpViewController.swift in Sources */,
				A8DEDFD8251BC55300AB5572 /* EntryViewController.swift in Sources */,
				A8DEDFC6251BC2AC00AB5572 /* ViewController.swift in Sources */,
				A88CD2DC2565DC6300F54486 /* Note.swift in Sources */,
				A8DEDFC2251BC2AC00AB5572 /* AppDelegate.swift in Sources */,
				A8DEDFC4251BC2AC00AB5572 /* SceneDelegate.swift in Sources */,
				A8574E1C25210D8B001ED082 /* ResetPasswordViewController.swift in Sources */,
			);
			runOnlyForDeploymentPostprocessing = 0;
		};
/* End PBXSourcesBuildPhase section */

/* Begin PBXVariantGroup section */
		A8DEDFC7251BC2AC00AB5572 /* Main.storyboard */ = {
			isa = PBXVariantGroup;
			children = (
				A8DEDFC8251BC2AC00AB5572 /* Base */,
			);
			name = Main.storyboard;
			sourceTree = "<group>";
		};
		A8DEDFCC251BC2AD00AB5572 /* LaunchScreen.storyboard */ = {
			isa = PBXVariantGroup;
			children = (
				A8DEDFCD251BC2AD00AB5572 /* Base */,
			);
			name = LaunchScreen.storyboard;
			sourceTree = "<group>";
		};
/* End PBXVariantGroup section */

/* Begin XCBuildConfiguration section */
		A8DEDFD0251BC2AD00AB5572 /* Debug */ = {
			isa = XCBuildConfiguration;
			buildSettings = {
				ALWAYS_SEARCH_USER_PATHS = NO;
				CLANG_ANALYZER_NONNULL = YES;
				CLANG_ANALYZER_NUMBER_OBJECT_CONVERSION = YES_AGGRESSIVE;
				CLANG_CXX_LANGUAGE_STANDARD = "gnu++14";
				CLANG_CXX_LIBRARY = "libc++";
				CLANG_ENABLE_MODULES = YES;
				CLANG_ENABLE_OBJC_ARC = YES;
				CLANG_ENABLE_OBJC_WEAK = YES;
				CLANG_WARN_BLOCK_CAPTURE_AUTORELEASING = YES;
				CLANG_WARN_BOOL_CONVERSION = YES;
				CLANG_WARN_COMMA = YES;
				CLANG_WARN_CONSTANT_CONVERSION = YES;
				CLANG_WARN_DEPRECATED_OBJC_IMPLEMENTATIONS = YES;
				CLANG_WARN_DIRECT_OBJC_ISA_USAGE = YES_ERROR;
				CLANG_WARN_DOCUMENTATION_COMMENTS = YES;
				CLANG_WARN_EMPTY_BODY = YES;
				CLANG_WARN_ENUM_CONVERSION = YES;
				CLANG_WARN_INFINITE_RECURSION = YES;
				CLANG_WARN_INT_CONVERSION = YES;
				CLANG_WARN_NON_LITERAL_NULL_CONVERSION = YES;
				CLANG_WARN_OBJC_IMPLICIT_RETAIN_SELF = YES;
				CLANG_WARN_OBJC_LITERAL_CONVERSION = YES;
				CLANG_WARN_OBJC_ROOT_CLASS = YES_ERROR;
				CLANG_WARN_RANGE_LOOP_ANALYSIS = YES;
				CLANG_WARN_STRICT_PROTOTYPES = YES;
				CLANG_WARN_SUSPICIOUS_MOVE = YES;
				CLANG_WARN_UNGUARDED_AVAILABILITY = YES_AGGRESSIVE;
				CLANG_WARN_UNREACHABLE_CODE = YES;
				CLANG_WARN__DUPLICATE_METHOD_MATCH = YES;
				COPY_PHASE_STRIP = NO;
				DEBUG_INFORMATION_FORMAT = dwarf;
				ENABLE_STRICT_OBJC_MSGSEND = YES;
				ENABLE_TESTABILITY = YES;
				GCC_C_LANGUAGE_STANDARD = gnu11;
				GCC_DYNAMIC_NO_PIC = NO;
				GCC_NO_COMMON_BLOCKS = YES;
				GCC_OPTIMIZATION_LEVEL = 0;
				GCC_PREPROCESSOR_DEFINITIONS = (
					"DEBUG=1",
					"$(inherited)",
				);
				GCC_WARN_64_TO_32_BIT_CONVERSION = YES;
				GCC_WARN_ABOUT_RETURN_TYPE = YES_ERROR;
				GCC_WARN_UNDECLARED_SELECTOR = YES;
				GCC_WARN_UNINITIALIZED_AUTOS = YES_AGGRESSIVE;
				GCC_WARN_UNUSED_FUNCTION = YES;
				GCC_WARN_UNUSED_VARIABLE = YES;
				IPHONEOS_DEPLOYMENT_TARGET = 13.6;
				MTL_ENABLE_DEBUG_INFO = INCLUDE_SOURCE;
				MTL_FAST_MATH = YES;
				ONLY_ACTIVE_ARCH = YES;
				SDKROOT = iphoneos;
				SWIFT_ACTIVE_COMPILATION_CONDITIONS = DEBUG;
				SWIFT_OPTIMIZATION_LEVEL = "-Onone";
			};
			name = Debug;
		};
		A8DEDFD1251BC2AD00AB5572 /* Release */ = {
			isa = XCBuildConfiguration;
			buildSettings = {
				ALWAYS_SEARCH_USER_PATHS = NO;
				CLANG_ANALYZER_NONNULL = YES;
				CLANG_ANALYZER_NUMBER_OBJECT_CONVERSION = YES_AGGRESSIVE;
				CLANG_CXX_LANGUAGE_STANDARD = "gnu++14";
				CLANG_CXX_LIBRARY = "libc++";
				CLANG_ENABLE_MODULES = YES;
				CLANG_ENABLE_OBJC_ARC = YES;
				CLANG_ENABLE_OBJC_WEAK = YES;
				CLANG_WARN_BLOCK_CAPTURE_AUTORELEASING = YES;
				CLANG_WARN_BOOL_CONVERSION = YES;
				CLANG_WARN_COMMA = YES;
				CLANG_WARN_CONSTANT_CONVERSION = YES;
				CLANG_WARN_DEPRECATED_OBJC_IMPLEMENTATIONS = YES;
				CLANG_WARN_DIRECT_OBJC_ISA_USAGE = YES_ERROR;
				CLANG_WARN_DOCUMENTATION_COMMENTS = YES;
				CLANG_WARN_EMPTY_BODY = YES;
				CLANG_WARN_ENUM_CONVERSION = YES;
				CLANG_WARN_INFINITE_RECURSION = YES;
				CLANG_WARN_INT_CONVERSION = YES;
				CLANG_WARN_NON_LITERAL_NULL_CONVERSION = YES;
				CLANG_WARN_OBJC_IMPLICIT_RETAIN_SELF = YES;
				CLANG_WARN_OBJC_LITERAL_CONVERSION = YES;
				CLANG_WARN_OBJC_ROOT_CLASS = YES_ERROR;
				CLANG_WARN_RANGE_LOOP_ANALYSIS = YES;
				CLANG_WARN_STRICT_PROTOTYPES = YES;
				CLANG_WARN_SUSPICIOUS_MOVE = YES;
				CLANG_WARN_UNGUARDED_AVAILABILITY = YES_AGGRESSIVE;
				CLANG_WARN_UNREACHABLE_CODE = YES;
				CLANG_WARN__DUPLICATE_METHOD_MATCH = YES;
				COPY_PHASE_STRIP = NO;
				DEBUG_INFORMATION_FORMAT = "dwarf-with-dsym";
				ENABLE_NS_ASSERTIONS = NO;
				ENABLE_STRICT_OBJC_MSGSEND = YES;
				GCC_C_LANGUAGE_STANDARD = gnu11;
				GCC_NO_COMMON_BLOCKS = YES;
				GCC_WARN_64_TO_32_BIT_CONVERSION = YES;
				GCC_WARN_ABOUT_RETURN_TYPE = YES_ERROR;
				GCC_WARN_UNDECLARED_SELECTOR = YES;
				GCC_WARN_UNINITIALIZED_AUTOS = YES_AGGRESSIVE;
				GCC_WARN_UNUSED_FUNCTION = YES;
				GCC_WARN_UNUSED_VARIABLE = YES;
				IPHONEOS_DEPLOYMENT_TARGET = 13.6;
				MTL_ENABLE_DEBUG_INFO = NO;
				MTL_FAST_MATH = YES;
				SDKROOT = iphoneos;
				SWIFT_COMPILATION_MODE = wholemodule;
				SWIFT_OPTIMIZATION_LEVEL = "-O";
				VALIDATE_PRODUCT = YES;
			};
			name = Release;
		};
		A8DEDFD3251BC2AD00AB5572 /* Debug */ = {
			isa = XCBuildConfiguration;
			baseConfigurationReference = FE77487D0A826A90A81E4E3C /* Pods-Private Notes.debug.xcconfig */;
			buildSettings = {
				ASSETCATALOG_COMPILER_APPICON_NAME = AppIcon;
				CODE_SIGN_STYLE = Automatic;
				DEVELOPMENT_TEAM = 75MM43Y9A2;
				INFOPLIST_FILE = "Private Notes/Info.plist";
				IPHONEOS_DEPLOYMENT_TARGET = 14.0;
				LD_RUNPATH_SEARCH_PATHS = (
					"$(inherited)",
					"@executable_path/Frameworks",
				);
				PRODUCT_BUNDLE_IDENTIFIER = "com.KennethMcDonald.Private-Notes";
				PRODUCT_NAME = "$(TARGET_NAME)";
				SWIFT_VERSION = 5.0;
				TARGETED_DEVICE_FAMILY = 1;
			};
			name = Debug;
		};
		A8DEDFD4251BC2AD00AB5572 /* Release */ = {
			isa = XCBuildConfiguration;
			baseConfigurationReference = CBB8470E05EBFC272C8C6B50 /* Pods-Private Notes.release.xcconfig */;
			buildSettings = {
				ASSETCATALOG_COMPILER_APPICON_NAME = AppIcon;
				CODE_SIGN_STYLE = Automatic;
				DEVELOPMENT_TEAM = 75MM43Y9A2;
				INFOPLIST_FILE = "Private Notes/Info.plist";
				IPHONEOS_DEPLOYMENT_TARGET = 14.0;
				LD_RUNPATH_SEARCH_PATHS = (
					"$(inherited)",
					"@executable_path/Frameworks",
				);
				PRODUCT_BUNDLE_IDENTIFIER = "com.KennethMcDonald.Private-Notes";
				PRODUCT_NAME = "$(TARGET_NAME)";
				SWIFT_VERSION = 5.0;
				TARGETED_DEVICE_FAMILY = 1;
			};
			name = Release;
		};
/* End XCBuildConfiguration section */

/* Begin XCConfigurationList section */
		A8DEDFB9251BC2AC00AB5572 /* Build configuration list for PBXProject "Private Notes" */ = {
			isa = XCConfigurationList;
			buildConfigurations = (
				A8DEDFD0251BC2AD00AB5572 /* Debug */,
				A8DEDFD1251BC2AD00AB5572 /* Release */,
			);
			defaultConfigurationIsVisible = 0;
			defaultConfigurationName = Release;
		};
		A8DEDFD2251BC2AD00AB5572 /* Build configuration list for PBXNativeTarget "Private Notes" */ = {
			isa = XCConfigurationList;
			buildConfigurations = (
				A8DEDFD3251BC2AD00AB5572 /* Debug */,
				A8DEDFD4251BC2AD00AB5572 /* Release */,
			);
			defaultConfigurationIsVisible = 0;
			defaultConfigurationName = Release;
		};
/* End XCConfigurationList section */
	};
	rootObject = A8DEDFB6251BC2AC00AB5572 /* Project object */;
}
